# Code generated by scarb DO NOT EDIT.
version = 1

[[package]]
name = "hello_starknet"
version = "0.1.0"
dependencies = [
 "snforge_std",
]

[[package]]
name = "snforge_scarb_plugin"
version = "0.60.0"
source = "registry+https://scarbs.xyz/"
checksum = "sha256:924358bf316e502923f6733b50e239ea37585a05dc24c5fc8dd9e45f88cf7339"

[[package]]
name = "snforge_std"
version = "0.60.0"
source = "registry+https://scarbs.xyz/"
checksum = "sha256:32e6baabec4f9af21089bc7ca685ffea5e4164497340ecbdb99314e568029195"
dependencies = [
 "snforge_scarb_plugin",
]
